
Microsoft Visual Studio Solution File, Format Version 12.00
# Visual Studio Version 17
VisualStudioVersion = 17.8.34525.116
MinimumVisualStudioVersion = 10.0.40219.1
Project("{9A19103F-16F7-4668-BE54-9A1E7A4F7556}") = "PacMan Engine", "PacMan Engine\PacMan Engine.csproj", "{764832C3-8D7C-4FA2-B94D-A2E4319DA562}"
EndProject
Project("{2150E333-8FDC-42A3-9474-1A3956D46DE8}") = "Éléments de solution", "Éléments de solution", "{8C06AD09-1BC6-400B-9814-66AD28C02363}"
	ProjectSection(SolutionItems) = preProject
		..\..\..\..\Downloads\AtDoomsGate.mp3 = ..\..\..\..\Downloads\AtDoomsGate.mp3
		..\..\..\..\Downloads\AtDoomsGate.wav = ..\..\..\..\Downloads\AtDoomsGate.wav
	EndProjectSection
EndProject
Global
	GlobalSection(SolutionConfigurationPlatforms) = preSolution
		Debug|Any CPU = Debug|Any CPU
		Release|Any CPU = Release|Any CPU
	EndGlobalSection
	GlobalSection(ProjectConfigurationPlatforms) = postSolution
		{764832C3-8D7C-4FA2-B94D-A2E4319DA562}.Debug|Any CPU.ActiveCfg = Debug|Any CPU
		{764832C3-8D7C-4FA2-B94D-A2E4319DA562}.Debug|Any CPU.Build.0 = Debug|Any CPU
		{764832C3-8D7C-4FA2-B94D-A2E4319DA562}.Release|Any CPU.ActiveCfg = Release|Any CPU
		{764832C3-8D7C-4FA2-B94D-A2E4319DA562}.Release|Any CPU.Build.0 = Release|Any CPU
	EndGlobalSection
	GlobalSection(SolutionProperties) = preSolution
		HideSolutionNode = FALSE
	EndGlobalSection
	GlobalSection(ExtensibilityGlobals) = postSolution
		SolutionGuid = {4199B6FF-35A0-4C3E-AE12-5939A2BD30D8}
	EndGlobalSection
EndGlobal
